
Microsoft Visual Studio Solution File, Format Version 12.00
# Visual Studio Version 17
VisualStudioVersion = 17.7.34018.315
MinimumVisualStudioVersion = 10.0.40219.1
Project("{FAE04EC0-301F-11D3-BF4B-00C04F79EFBC}") = "5TTI_MatheisD_DecembreExam", "5TTI_MatheisD_DecembreExam.csproj", "{BF8CA975-087A-4D7F-BC3E-C3B17B3E4515}"
EndProject
Global
	GlobalSection(SolutionConfigurationPlatforms) = preSolution
		Debug|Any CPU = Debug|Any CPU
		Release|Any CPU = Release|Any CPU
	EndGlobalSection
	GlobalSection(ProjectConfigurationPlatforms) = postSolution
		{BF8CA975-087A-4D7F-BC3E-C3B17B3E4515}.Debug|Any CPU.ActiveCfg = Debug|Any CPU
		{BF8CA975-087A-4D7F-BC3E-C3B17B3E4515}.Debug|Any CPU.Build.0 = Debug|Any CPU
		{BF8CA975-087A-4D7F-BC3E-C3B17B3E4515}.Release|Any CPU.ActiveCfg = Release|Any CPU
		{BF8CA975-087A-4D7F-BC3E-C3B17B3E4515}.Release|Any CPU.Build.0 = Release|Any CPU
	EndGlobalSection
	GlobalSection(SolutionProperties) = preSolution
		HideSolutionNode = FALSE
	EndGlobalSection
	GlobalSection(ExtensibilityGlobals) = postSolution
		SolutionGuid = {F1CC6CEF-4147-4F7F-881E-B45F7FD6E83E}
	EndGlobalSection
EndGlobal
